dependencies:
- name: namespaces
  repository: file://charts/namespaces
  version: 0.0.1-alpha.1
- name: rbac
  repository: file://charts/rbac
  version: 0.0.1-alpha.1
- name: admission-policies
  repository: file://charts/admission-policies
  version: 0.0.1-alpha.1
- name: resolver
  repository: file://charts/resolver
  version: 0.0.1-alpha.1
- name: attestor
  repository: file://charts/attestor
  version: 0.0.1-alpha.1
- name: ttl
  repository: file://charts/ttl
  version: 0.0.1-alpha.1
- name: gitops-responder
  repository: file://charts/gitops-responder
  version: 0.0.1-alpha.1
- name: backpressure
  repository: file://charts/backpressure
  version: 0.0.1-alpha.1
digest: sha256:9d996e39fb5b5b75a8b9415b83bb681b140714d601635d371033ecb4b07c53d4
generated: "2026-04-27T18:40:07.99180776+02:00"
