dependencies:
- name: namespaces
  repository: file://charts/namespaces
  version: 0.0.1-alpha.1
- name: rbac
  repository: file://charts/rbac
  version: 0.0.1-alpha.1
- name: admission-policies
  repository: file://charts/admission-policies
  version: 0.0.1-alpha.1
- name: resolver
  repository: file://charts/resolver
  version: 0.0.1-alpha.1
- name: attestor
  repository: file://charts/attestor
  version: 0.0.1-alpha.1
- name: ttl
  repository: file://charts/ttl
  version: 0.0.1-alpha.1
- name: gitops-responder
  repository: file://charts/gitops-responder
  version: 0.0.1-alpha.1
- name: backpressure
  repository: file://charts/backpressure
  version: 0.0.1-alpha.1
- name: audit-detection
  repository: file://charts/audit-detection
  version: 0.0.1-alpha.1
- name: forensics
  repository: file://charts/forensics
  version: 0.0.1-alpha.1
- name: monitoring
  repository: file://charts/monitoring
  version: 0.0.1-alpha.1
- name: webhook-auditor
  repository: file://charts/webhook-auditor
  version: 0.0.1-alpha.1
- name: dns-detect
  repository: file://charts/dns-detect
  version: 0.0.1-alpha.1
- name: tenant-escape
  repository: file://charts/tenant-escape
  version: 0.0.1-alpha.1
- name: honeypot
  repository: file://charts/honeypot
  version: 0.0.1-alpha.1
- name: tetragon-bridge
  repository: file://charts/tetragon-bridge
  version: 0.0.1-alpha.1
- name: seccomp-gen
  repository: file://charts/seccomp-gen
  version: 0.0.1-alpha.1
- name: backup-verify
  repository: file://charts/backup-verify
  version: 0.0.1-alpha.1
- name: compliance-scan
  repository: file://charts/compliance-scan
  version: 0.0.1-alpha.1
- name: confidential-attestation
  repository: file://charts/confidential-attestation
  version: 0.0.1-alpha.1
- name: ugallu-ui
  repository: file://charts/ugallu-ui
  version: 0.0.1-alpha.1
digest: sha256:f12a74ed391993b95e3b3a492d43856ac9b34f603f2ae28e59eef4336e847c24
generated: "2026-04-30T08:24:19.557077968+02:00"
