dependencies:
- name: namespaces
  repository: file://charts/namespaces
  version: 0.0.1-alpha.1
- name: rbac
  repository: file://charts/rbac
  version: 0.0.1-alpha.1
- name: admission-policies
  repository: file://charts/admission-policies
  version: 0.0.1-alpha.1
digest: sha256:b04f84bacb35334ca02b32e9195962b00866aab86dfbc506faac1618197c60bc
generated: "2026-04-26T17:01:21.704716821+02:00"
